
Microsoft Visual Studio Solution File, Format Version 12.00
# Visual Studio Version 16
VisualStudioVersion = 16.0.34031.81
MinimumVisualStudioVersion = 10.0.40219.1
Project("{2150E333-8FDC-42A3-9474-1A3956D46DE8}") = "Task0", "Task0", "{40E96D2A-D2EC-40B3-8714-DB0C6B9D8918}"
EndProject
Project("{FAE04EC0-301F-11D3-BF4B-00C04F79EFBC}") = "Tyuiu.KhramovNA.Sprint2.Task0.V8", "Tyuiu.KhramovNA.Sprint2.Task0.V8\Tyuiu.KhramovNA.Sprint2.Task0.V8.csproj", "{FC83FA2E-4EFB-4FB2-9EE1-BAEFB1781229}"
EndProject
Project("{FAE04EC0-301F-11D3-BF4B-00C04F79EFBC}") = "Tyuiu.KhramovNA.Sprint2.Task0.V8.Lib", "Tyuiu.KhramovNA.Sprint2.Task0.V8.Lib\Tyuiu.KhramovNA.Sprint2.Task0.V8.Lib.csproj", "{DEEF90A1-6714-4FAF-9A05-69516A342C14}"
EndProject
Project("{FAE04EC0-301F-11D3-BF4B-00C04F79EFBC}") = "Tyuiu.KhramovNA.Sprint2.Task0.V8.Test", "Tyuiu.KhramovNA.Sprint2.Task0.V8.Test\Tyuiu.KhramovNA.Sprint2.Task0.V8.Test.csproj", "{AEF18AEC-5354-4B39-B77A-C25CA29D4AB6}"
EndProject
Project("{2150E333-8FDC-42A3-9474-1A3956D46DE8}") = "Task1", "Task1", "{09475B4D-5B51-4ACB-8540-49B570AA885E}"
EndProject
Project("{FAE04EC0-301F-11D3-BF4B-00C04F79EFBC}") = "Tyuiu.KhramovNA.Sprint2.Task1.V6", "Tyuiu.KhramovNA.Sprint2.Task1.V6\Tyuiu.KhramovNA.Sprint2.Task1.V6.csproj", "{1C7BDF1B-029E-4803-9828-274BE273FE7A}"
EndProject
Project("{FAE04EC0-301F-11D3-BF4B-00C04F79EFBC}") = "Tyuiu.KhramovNA.Sprint2.Task1.V6.Lib", "Tyuiu.KhramovNA.Sprint2.Task1.V6.Lib\Tyuiu.KhramovNA.Sprint2.Task1.V6.Lib.csproj", "{15237176-C670-496F-9A33-5A6DA0580970}"
EndProject
Project("{FAE04EC0-301F-11D3-BF4B-00C04F79EFBC}") = "Tyuiu.KhramovNA.Sprint2.Task1.V6.Test", "Tyuiu.KhramovNA.Sprint2.Task1.V6.Test\Tyuiu.KhramovNA.Sprint2.Task1.V6.Test.csproj", "{E69EC2C7-CD66-4E7A-AC77-930E2280C1E3}"
EndProject
Project("{2150E333-8FDC-42A3-9474-1A3956D46DE8}") = "Task2", "Task2", "{6B0439A2-6BFC-49EE-92CB-06920685BE6E}"
EndProject
Project("{FAE04EC0-301F-11D3-BF4B-00C04F79EFBC}") = "Tyuiu.KhramovNA.Sprint2.Task2.V19", "Tyuiu.KhramovNA.Sprint2.Task2.V19\Tyuiu.KhramovNA.Sprint2.Task2.V19.csproj", "{0EB0138E-AF07-45C8-819B-4602D88E45FB}"
EndProject
Project("{FAE04EC0-301F-11D3-BF4B-00C04F79EFBC}") = "Tyuiu.KhramovNA.Sprint2.Task2.V19.Lib", "Tyuiu.KhramovNA.Sprint2.Task2.V19.Lib\Tyuiu.KhramovNA.Sprint2.Task2.V19.Lib.csproj", "{4F105B51-5065-4220-A60F-7C9335035D8F}"
EndProject
Project("{FAE04EC0-301F-11D3-BF4B-00C04F79EFBC}") = "Tyuiu.KhramovNA.Sprint2.Task2.V19.Test", "Tyuiu.KhramovNA.Sprint2.Task2.V19.Test\Tyuiu.KhramovNA.Sprint2.Task2.V19.Test.csproj", "{FCA63960-0344-45C1-99BF-B15493CDB327}"
EndProject
Project("{2150E333-8FDC-42A3-9474-1A3956D46DE8}") = "Task3", "Task3", "{AC48B908-3FF8-4685-A2DB-7A8B05DE3F52}"
EndProject
Project("{FAE04EC0-301F-11D3-BF4B-00C04F79EFBC}") = "Tyuiu.KhramovNA.Sprint2.Task3.V9", "Tyuiu.KhramovNA.Sprint2.Task3.V9\Tyuiu.KhramovNA.Sprint2.Task3.V9.csproj", "{16DF7675-79CC-4679-89FD-787A1D408230}"
EndProject
Project("{FAE04EC0-301F-11D3-BF4B-00C04F79EFBC}") = "Tyuiu.KhramovNA.Sprint2.Task3.V9.Lib", "Tyuiu.KhramovNA.Sprint2.Task3.V9.Lib\Tyuiu.KhramovNA.Sprint2.Task3.V9.Lib.csproj", "{76644E40-35A7-44D0-83B1-8082BA14ED6F}"
EndProject
Project("{FAE04EC0-301F-11D3-BF4B-00C04F79EFBC}") = "Tyuiu.KhramovNA.Sprint2.Task3.V9.Test", "Tyuiu.KhramovNA.Sprint2.Task3.V9.Test\Tyuiu.KhramovNA.Sprint2.Task3.V9.Test.csproj", "{0A587974-008F-4DF2-9772-C042C8581081}"
EndProject
Project("{2150E333-8FDC-42A3-9474-1A3956D46DE8}") = "Task4", "Task4", "{46AD5325-C710-4F0A-B0AE-7D007D071E0F}"
EndProject
Project("{FAE04EC0-301F-11D3-BF4B-00C04F79EFBC}") = "Tyuiu.KhramovNA.Sprint2.Task4.V10", "Tyuiu.KhramovNA.Sprint2.Task4.V10\Tyuiu.KhramovNA.Sprint2.Task4.V10.csproj", "{A91743B0-3078-4AE0-BCF4-DBC2993488BC}"
EndProject
Project("{FAE04EC0-301F-11D3-BF4B-00C04F79EFBC}") = "Tyuiu.KhramovNA.Sprint2.Task4.V10.Lib", "Tyuiu.KhramovNA.Sprint2.Task4.V10.Lib\Tyuiu.KhramovNA.Sprint2.Task4.V10.Lib.csproj", "{8840177A-C427-4E94-A606-A5C07950A665}"
EndProject
Project("{FAE04EC0-301F-11D3-BF4B-00C04F79EFBC}") = "Tyuiu.KhramovNA.Sprint2.Task4.V10.Test", "Tyuiu.KhramovNA.Sprint2.Task4.V10.Test\Tyuiu.KhramovNA.Sprint2.Task4.V10.Test.csproj", "{5C35E138-2FCC-4C80-9FCB-56DC83E6265B}"
EndProject
Project("{2150E333-8FDC-42A3-9474-1A3956D46DE8}") = "Task5", "Task5", "{F295D79B-B749-4541-8FBE-87A688553022}"
EndProject
Project("{FAE04EC0-301F-11D3-BF4B-00C04F79EFBC}") = "Tyuiu.KhramovNA.Sprint2.Task5.V9", "Tyuiu.KhramovNA.Sprint2.Task5.V9\Tyuiu.KhramovNA.Sprint2.Task5.V9.csproj", "{D1BF73F6-CB5A-494A-A818-E8173016CF8D}"
EndProject
Project("{FAE04EC0-301F-11D3-BF4B-00C04F79EFBC}") = "Tyuiu.KhramovNA.Sprint2.Task5.V9.Lib", "Tyuiu.KhramovNA.Sprint2.Task5.V9.Lib\Tyuiu.KhramovNA.Sprint2.Task5.V9.Lib.csproj", "{A3A63B23-DECC-493D-8AAA-5BCC90809072}"
EndProject
Project("{FAE04EC0-301F-11D3-BF4B-00C04F79EFBC}") = "Tyuiu.KhramovNA.Sprint2.Task5.V9.Test", "Tyuiu.KhramovNA.Sprint2.Task5.V9.Test\Tyuiu.KhramovNA.Sprint2.Task5.V9.Test.csproj", "{E7C67F8C-5F92-42C7-BC08-BCB0AD1B551B}"
EndProject
Project("{2150E333-8FDC-42A3-9474-1A3956D46DE8}") = "Task6", "Task6", "{2288A2AC-F55D-4757-9185-F1EF6DECBAF2}"
EndProject
Project("{FAE04EC0-301F-11D3-BF4B-00C04F79EFBC}") = "Tyuiu.KhramovNA.Sprint2.Task6.V4", "Tyuiu.KhramovNA.Sprint2.Task6.V4\Tyuiu.KhramovNA.Sprint2.Task6.V4.csproj", "{21B5776D-21CF-49D4-BDC0-3B6D7EC8ED06}"
EndProject
Project("{FAE04EC0-301F-11D3-BF4B-00C04F79EFBC}") = "Tyuiu.KhramovNA.Sprint2.Task6.V4.Lib", "Tyuiu.KhramovNA.Sprint2.Task6.V4.Lib\Tyuiu.KhramovNA.Sprint2.Task6.V4.Lib.csproj", "{B8CF45F9-64B8-4298-9888-6ACBA816EFD6}"
EndProject
Project("{FAE04EC0-301F-11D3-BF4B-00C04F79EFBC}") = "Tyuiu.KhramovNA.Sprint2.Task6.V4.Test", "Tyuiu.KhramovNA.Sprint2.Task6.V4.Test\Tyuiu.KhramovNA.Sprint2.Task6.V4.Test.csproj", "{B2B1A8A0-2418-43BF-A025-7423FBB5E810}"
EndProject
Global
	GlobalSection(SolutionConfigurationPlatforms) = preSolution
		Debug|Any CPU = Debug|Any CPU
		Release|Any CPU = Release|Any CPU
	EndGlobalSection
	GlobalSection(ProjectConfigurationPlatforms) = postSolution
		{FC83FA2E-4EFB-4FB2-9EE1-BAEFB1781229}.Debug|Any CPU.ActiveCfg = Debug|Any CPU
		{FC83FA2E-4EFB-4FB2-9EE1-BAEFB1781229}.Debug|Any CPU.Build.0 = Debug|Any CPU
		{FC83FA2E-4EFB-4FB2-9EE1-BAEFB1781229}.Release|Any CPU.ActiveCfg = Release|Any CPU
		{FC83FA2E-4EFB-4FB2-9EE1-BAEFB1781229}.Release|Any CPU.Build.0 = Release|Any CPU
		{DEEF90A1-6714-4FAF-9A05-69516A342C14}.Debug|Any CPU.ActiveCfg = Debug|Any CPU
		{DEEF90A1-6714-4FAF-9A05-69516A342C14}.Debug|Any CPU.Build.0 = Debug|Any CPU
		{DEEF90A1-6714-4FAF-9A05-69516A342C14}.Release|Any CPU.ActiveCfg = Release|Any CPU
		{DEEF90A1-6714-4FAF-9A05-69516A342C14}.Release|Any CPU.Build.0 = Release|Any CPU
		{AEF18AEC-5354-4B39-B77A-C25CA29D4AB6}.Debug|Any CPU.ActiveCfg = Debug|Any CPU
		{AEF18AEC-5354-4B39-B77A-C25CA29D4AB6}.Debug|Any CPU.Build.0 = Debug|Any CPU
		{AEF18AEC-5354-4B39-B77A-C25CA29D4AB6}.Release|Any CPU.ActiveCfg = Release|Any CPU
		{AEF18AEC-5354-4B39-B77A-C25CA29D4AB6}.Release|Any CPU.Build.0 = Release|Any CPU
		{1C7BDF1B-029E-4803-9828-274BE273FE7A}.Debug|Any CPU.ActiveCfg = Debug|Any CPU
		{1C7BDF1B-029E-4803-9828-274BE273FE7A}.Debug|Any CPU.Build.0 = Debug|Any CPU
		{1C7BDF1B-029E-4803-9828-274BE273FE7A}.Release|Any CPU.ActiveCfg = Release|Any CPU
		{1C7BDF1B-029E-4803-9828-274BE273FE7A}.Release|Any CPU.Build.0 = Release|Any CPU
		{15237176-C670-496F-9A33-5A6DA0580970}.Debug|Any CPU.ActiveCfg = Debug|Any CPU
		{15237176-C670-496F-9A33-5A6DA0580970}.Debug|Any CPU.Build.0 = Debug|Any CPU
		{15237176-C670-496F-9A33-5A6DA0580970}.Release|Any CPU.ActiveCfg = Release|Any CPU
		{15237176-C670-496F-9A33-5A6DA0580970}.Release|Any CPU.Build.0 = Release|Any CPU
		{E69EC2C7-CD66-4E7A-AC77-930E2280C1E3}.Debug|Any CPU.ActiveCfg = Debug|Any CPU
		{E69EC2C7-CD66-4E7A-AC77-930E2280C1E3}.Debug|Any CPU.Build.0 = Debug|Any CPU
		{E69EC2C7-CD66-4E7A-AC77-930E2280C1E3}.Release|Any CPU.ActiveCfg = Release|Any CPU
		{E69EC2C7-CD66-4E7A-AC77-930E2280C1E3}.Release|Any CPU.Build.0 = Release|Any CPU
		{0EB0138E-AF07-45C8-819B-4602D88E45FB}.Debug|Any CPU.ActiveCfg = Debug|Any CPU
		{0EB0138E-AF07-45C8-819B-4602D88E45FB}.Debug|Any CPU.Build.0 = Debug|Any CPU
		{0EB0138E-AF07-45C8-819B-4602D88E45FB}.Release|Any CPU.ActiveCfg = Release|Any CPU
		{0EB0138E-AF07-45C8-819B-4602D88E45FB}.Release|Any CPU.Build.0 = Release|Any CPU
		{4F105B51-5065-4220-A60F-7C9335035D8F}.Debug|Any CPU.ActiveCfg = Debug|Any CPU
		{4F105B51-5065-4220-A60F-7C9335035D8F}.Debug|Any CPU.Build.0 = Debug|Any CPU
		{4F105B51-5065-4220-A60F-7C9335035D8F}.Release|Any CPU.ActiveCfg = Release|Any CPU
		{4F105B51-5065-4220-A60F-7C9335035D8F}.Release|Any CPU.Build.0 = Release|Any CPU
		{FCA63960-0344-45C1-99BF-B15493CDB327}.Debug|Any CPU.ActiveCfg = Debug|Any CPU
		{FCA63960-0344-45C1-99BF-B15493CDB327}.Debug|Any CPU.Build.0 = Debug|Any CPU
		{FCA63960-0344-45C1-99BF-B15493CDB327}.Release|Any CPU.ActiveCfg = Release|Any CPU
		{FCA63960-0344-45C1-99BF-B15493CDB327}.Release|Any CPU.Build.0 = Release|Any CPU
		{16DF7675-79CC-4679-89FD-787A1D408230}.Debug|Any CPU.ActiveCfg = Debug|Any CPU
		{16DF7675-79CC-4679-89FD-787A1D408230}.Debug|Any CPU.Build.0 = Debug|Any CPU
		{16DF7675-79CC-4679-89FD-787A1D408230}.Release|Any CPU.ActiveCfg = Release|Any CPU
		{16DF7675-79CC-4679-89FD-787A1D408230}.Release|Any CPU.Build.0 = Release|Any CPU
		{76644E40-35A7-44D0-83B1-8082BA14ED6F}.Debug|Any CPU.ActiveCfg = Debug|Any CPU
		{76644E40-35A7-44D0-83B1-8082BA14ED6F}.Debug|Any CPU.Build.0 = Debug|Any CPU
		{76644E40-35A7-44D0-83B1-8082BA14ED6F}.Release|Any CPU.ActiveCfg = Release|Any CPU
		{76644E40-35A7-44D0-83B1-8082BA14ED6F}.Release|Any CPU.Build.0 = Release|Any CPU
		{0A587974-008F-4DF2-9772-C042C8581081}.Debug|Any CPU.ActiveCfg = Debug|Any CPU
		{0A587974-008F-4DF2-9772-C042C8581081}.Debug|Any CPU.Build.0 = Debug|Any CPU
		{0A587974-008F-4DF2-9772-C042C8581081}.Release|Any CPU.ActiveCfg = Release|Any CPU
		{0A587974-008F-4DF2-9772-C042C8581081}.Release|Any CPU.Build.0 = Release|Any CPU
		{A91743B0-3078-4AE0-BCF4-DBC2993488BC}.Debug|Any CPU.ActiveCfg = Debug|Any CPU
		{A91743B0-3078-4AE0-BCF4-DBC2993488BC}.Debug|Any CPU.Build.0 = Debug|Any CPU
		{A91743B0-3078-4AE0-BCF4-DBC2993488BC}.Release|Any CPU.ActiveCfg = Release|Any CPU
		{A91743B0-3078-4AE0-BCF4-DBC2993488BC}.Release|Any CPU.Build.0 = Release|Any CPU
		{8840177A-C427-4E94-A606-A5C07950A665}.Debug|Any CPU.ActiveCfg = Debug|Any CPU
		{8840177A-C427-4E94-A606-A5C07950A665}.Debug|Any CPU.Build.0 = Debug|Any CPU
		{8840177A-C427-4E94-A606-A5C07950A665}.Release|Any CPU.ActiveCfg = Release|Any CPU
		{8840177A-C427-4E94-A606-A5C07950A665}.Release|Any CPU.Build.0 = Release|Any CPU
		{5C35E138-2FCC-4C80-9FCB-56DC83E6265B}.Debug|Any CPU.ActiveCfg = Debug|Any CPU
		{5C35E138-2FCC-4C80-9FCB-56DC83E6265B}.Debug|Any CPU.Build.0 = Debug|Any CPU
		{5C35E138-2FCC-4C80-9FCB-56DC83E6265B}.Release|Any CPU.ActiveCfg = Release|Any CPU
		{5C35E138-2FCC-4C80-9FCB-56DC83E6265B}.Release|Any CPU.Build.0 = Release|Any CPU
		{D1BF73F6-CB5A-494A-A818-E8173016CF8D}.Debug|Any CPU.ActiveCfg = Debug|Any CPU
		{D1BF73F6-CB5A-494A-A818-E8173016CF8D}.Debug|Any CPU.Build.0 = Debug|Any CPU
		{D1BF73F6-CB5A-494A-A818-E8173016CF8D}.Release|Any CPU.ActiveCfg = Release|Any CPU
		{D1BF73F6-CB5A-494A-A818-E8173016CF8D}.Release|Any CPU.Build.0 = Release|Any CPU
		{A3A63B23-DECC-493D-8AAA-5BCC90809072}.Debug|Any CPU.ActiveCfg = Debug|Any CPU
		{A3A63B23-DECC-493D-8AAA-5BCC90809072}.Debug|Any CPU.Build.0 = Debug|Any CPU
		{A3A63B23-DECC-493D-8AAA-5BCC90809072}.Release|Any CPU.ActiveCfg = Release|Any CPU
		{A3A63B23-DECC-493D-8AAA-5BCC90809072}.Release|Any CPU.Build.0 = Release|Any CPU
		{E7C67F8C-5F92-42C7-BC08-BCB0AD1B551B}.Debug|Any CPU.ActiveCfg = Debug|Any CPU
		{E7C67F8C-5F92-42C7-BC08-BCB0AD1B551B}.Debug|Any CPU.Build.0 = Debug|Any CPU
		{E7C67F8C-5F92-42C7-BC08-BCB0AD1B551B}.Release|Any CPU.ActiveCfg = Release|Any CPU
		{E7C67F8C-5F92-42C7-BC08-BCB0AD1B551B}.Release|Any CPU.Build.0 = Release|Any CPU
		{21B5776D-21CF-49D4-BDC0-3B6D7EC8ED06}.Debug|Any CPU.ActiveCfg = Debug|Any CPU
		{21B5776D-21CF-49D4-BDC0-3B6D7EC8ED06}.Debug|Any CPU.Build.0 = Debug|Any CPU
		{21B5776D-21CF-49D4-BDC0-3B6D7EC8ED06}.Release|Any CPU.ActiveCfg = Release|Any CPU
		{21B5776D-21CF-49D4-BDC0-3B6D7EC8ED06}.Release|Any CPU.Build.0 = Release|Any CPU
		{B8CF45F9-64B8-4298-9888-6ACBA816EFD6}.Debug|Any CPU.ActiveCfg = Debug|Any CPU
		{B8CF45F9-64B8-4298-9888-6ACBA816EFD6}.Debug|Any CPU.Build.0 = Debug|Any CPU
		{B8CF45F9-64B8-4298-9888-6ACBA816EFD6}.Release|Any CPU.ActiveCfg = Release|Any CPU
		{B8CF45F9-64B8-4298-9888-6ACBA816EFD6}.Release|Any CPU.Build.0 = Release|Any CPU
		{B2B1A8A0-2418-43BF-A025-7423FBB5E810}.Debug|Any CPU.ActiveCfg = Debug|Any CPU
		{B2B1A8A0-2418-43BF-A025-7423FBB5E810}.Debug|Any CPU.Build.0 = Debug|Any CPU
		{B2B1A8A0-2418-43BF-A025-7423FBB5E810}.Release|Any CPU.ActiveCfg = Release|Any CPU
		{B2B1A8A0-2418-43BF-A025-7423FBB5E810}.Release|Any CPU.Build.0 = Release|Any CPU
	EndGlobalSection
	GlobalSection(SolutionProperties) = preSolution
		HideSolutionNode = FALSE
	EndGlobalSection
	GlobalSection(NestedProjects) = preSolution
		{FC83FA2E-4EFB-4FB2-9EE1-BAEFB1781229} = {40E96D2A-D2EC-40B3-8714-DB0C6B9D8918}
		{DEEF90A1-6714-4FAF-9A05-69516A342C14} = {40E96D2A-D2EC-40B3-8714-DB0C6B9D8918}
		{AEF18AEC-5354-4B39-B77A-C25CA29D4AB6} = {40E96D2A-D2EC-40B3-8714-DB0C6B9D8918}
		{1C7BDF1B-029E-4803-9828-274BE273FE7A} = {09475B4D-5B51-4ACB-8540-49B570AA885E}
		{15237176-C670-496F-9A33-5A6DA0580970} = {09475B4D-5B51-4ACB-8540-49B570AA885E}
		{E69EC2C7-CD66-4E7A-AC77-930E2280C1E3} = {09475B4D-5B51-4ACB-8540-49B570AA885E}
		{0EB0138E-AF07-45C8-819B-4602D88E45FB} = {6B0439A2-6BFC-49EE-92CB-06920685BE6E}
		{4F105B51-5065-4220-A60F-7C9335035D8F} = {6B0439A2-6BFC-49EE-92CB-06920685BE6E}
		{FCA63960-0344-45C1-99BF-B15493CDB327} = {6B0439A2-6BFC-49EE-92CB-06920685BE6E}
		{16DF7675-79CC-4679-89FD-787A1D408230} = {AC48B908-3FF8-4685-A2DB-7A8B05DE3F52}
		{76644E40-35A7-44D0-83B1-8082BA14ED6F} = {AC48B908-3FF8-4685-A2DB-7A8B05DE3F52}
		{0A587974-008F-4DF2-9772-C042C8581081} = {AC48B908-3FF8-4685-A2DB-7A8B05DE3F52}
		{A91743B0-3078-4AE0-BCF4-DBC2993488BC} = {46AD5325-C710-4F0A-B0AE-7D007D071E0F}
		{8840177A-C427-4E94-A606-A5C07950A665} = {46AD5325-C710-4F0A-B0AE-7D007D071E0F}
		{5C35E138-2FCC-4C80-9FCB-56DC83E6265B} = {46AD5325-C710-4F0A-B0AE-7D007D071E0F}
		{D1BF73F6-CB5A-494A-A818-E8173016CF8D} = {F295D79B-B749-4541-8FBE-87A688553022}
		{A3A63B23-DECC-493D-8AAA-5BCC90809072} = {F295D79B-B749-4541-8FBE-87A688553022}
		{E7C67F8C-5F92-42C7-BC08-BCB0AD1B551B} = {F295D79B-B749-4541-8FBE-87A688553022}
		{21B5776D-21CF-49D4-BDC0-3B6D7EC8ED06} = {2288A2AC-F55D-4757-9185-F1EF6DECBAF2}
		{B8CF45F9-64B8-4298-9888-6ACBA816EFD6} = {2288A2AC-F55D-4757-9185-F1EF6DECBAF2}
		{B2B1A8A0-2418-43BF-A025-7423FBB5E810} = {2288A2AC-F55D-4757-9185-F1EF6DECBAF2}
	EndGlobalSection
	GlobalSection(ExtensibilityGlobals) = postSolution
		SolutionGuid = {B8916E4B-38B7-4A0D-B66E-C5D11CBE9BC4}
	EndGlobalSection
EndGlobal
