
Microsoft Visual Studio Solution File, Format Version 12.00
# Visual Studio Version 16
VisualStudioVersion = 16.0.34031.81
MinimumVisualStudioVersion = 10.0.40219.1
Project("{2150E333-8FDC-42A3-9474-1A3956D46DE8}") = "Task0", "Task0", "{40E96D2A-D2EC-40B3-8714-DB0C6B9D8918}"
EndProject
Project("{FAE04EC0-301F-11D3-BF4B-00C04F79EFBC}") = "Tyuiu.KhramovNA.Sprint2.Task0.V8", "Tyuiu.KhramovNA.Sprint2.Task0.V8\Tyuiu.KhramovNA.Sprint2.Task0.V8.csproj", "{FC83FA2E-4EFB-4FB2-9EE1-BAEFB1781229}"
EndProject
Project("{FAE04EC0-301F-11D3-BF4B-00C04F79EFBC}") = "Tyuiu.KhramovNA.Sprint2.Task0.V8.Lib", "Tyuiu.KhramovNA.Sprint2.Task0.V8.Lib\Tyuiu.KhramovNA.Sprint2.Task0.V8.Lib.csproj", "{DEEF90A1-6714-4FAF-9A05-69516A342C14}"
EndProject
Project("{FAE04EC0-301F-11D3-BF4B-00C04F79EFBC}") = "Tyuiu.KhramovNA.Sprint2.Task0.V8.Test", "Tyuiu.KhramovNA.Sprint2.Task0.V8.Test\Tyuiu.KhramovNA.Sprint2.Task0.V8.Test.csproj", "{AEF18AEC-5354-4B39-B77A-C25CA29D4AB6}"
EndProject
Project("{2150E333-8FDC-42A3-9474-1A3956D46DE8}") = "Task1", "Task1", "{09475B4D-5B51-4ACB-8540-49B570AA885E}"
EndProject
Project("{FAE04EC0-301F-11D3-BF4B-00C04F79EFBC}") = "Tyuiu.KhramovNA.Sprint2.Task1.V6", "Tyuiu.KhramovNA.Sprint2.Task1.V6\Tyuiu.KhramovNA.Sprint2.Task1.V6.csproj", "{1C7BDF1B-029E-4803-9828-274BE273FE7A}"
EndProject
Project("{FAE04EC0-301F-11D3-BF4B-00C04F79EFBC}") = "Tyuiu.KhramovNA.Sprint2.Task1.V6.Lib", "Tyuiu.KhramovNA.Sprint2.Task1.V6.Lib\Tyuiu.KhramovNA.Sprint2.Task1.V6.Lib.csproj", "{15237176-C670-496F-9A33-5A6DA0580970}"
EndProject
Project("{FAE04EC0-301F-11D3-BF4B-00C04F79EFBC}") = "Tyuiu.KhramovNA.Sprint2.Task1.V6.Test", "Tyuiu.KhramovNA.Sprint2.Task1.V6.Test\Tyuiu.KhramovNA.Sprint2.Task1.V6.Test.csproj", "{E69EC2C7-CD66-4E7A-AC77-930E2280C1E3}"
EndProject
Project("{2150E333-8FDC-42A3-9474-1A3956D46DE8}") = "Task2", "Task2", "{6B0439A2-6BFC-49EE-92CB-06920685BE6E}"
EndProject
Project("{FAE04EC0-301F-11D3-BF4B-00C04F79EFBC}") = "Tyuiu.KhramovNA.Sprint2.Task2.V19", "Tyuiu.KhramovNA.Sprint2.Task2.V19\Tyuiu.KhramovNA.Sprint2.Task2.V19.csproj", "{0EB0138E-AF07-45C8-819B-4602D88E45FB}"
EndProject
Project("{FAE04EC0-301F-11D3-BF4B-00C04F79EFBC}") = "Tyuiu.KhramovNA.Sprint2.Task2.V19.Lib", "Tyuiu.KhramovNA.Sprint2.Task2.V19.Lib\Tyuiu.KhramovNA.Sprint2.Task2.V19.Lib.csproj", "{4F105B51-5065-4220-A60F-7C9335035D8F}"
EndProject
Project("{FAE04EC0-301F-11D3-BF4B-00C04F79EFBC}") = "Tyuiu.KhramovNA.Sprint2.Task2.V19.Test", "Tyuiu.KhramovNA.Sprint2.Task2.V19.Test\Tyuiu.KhramovNA.Sprint2.Task2.V19.Test.csproj", "{FCA63960-0344-45C1-99BF-B15493CDB327}"
EndProject
Project("{2150E333-8FDC-42A3-9474-1A3956D46DE8}") = "Task3", "Task3", "{AC48B908-3FF8-4685-A2DB-7A8B05DE3F52}"
EndProject
Project("{FAE04EC0-301F-11D3-BF4B-00C04F79EFBC}") = "Tyuiu.KhramovNA.Sprint2.Task3.V9", "Tyuiu.KhramovNA.Sprint2.Task3.V9\Tyuiu.KhramovNA.Sprint2.Task3.V9.csproj", "{16DF7675-79CC-4679-89FD-787A1D408230}"
EndProject
Project("{FAE04EC0-301F-11D3-BF4B-00C04F79EFBC}") = "Tyuiu.KhramovNA.Sprint2.Task3.V9.Lib", "Tyuiu.KhramovNA.Sprint2.Task3.V9.Lib\Tyuiu.KhramovNA.Sprint2.Task3.V9.Lib.csproj", "{76644E40-35A7-44D0-83B1-8082BA14ED6F}"
EndProject
Project("{FAE04EC0-301F-11D3-BF4B-00C04F79EFBC}") = "Tyuiu.KhramovNA.Sprint2.Task3.V9.Test", "Tyuiu.KhramovNA.Sprint2.Task3.V9.Test\Tyuiu.KhramovNA.Sprint2.Task3.V9.Test.csproj", "{0A587974-008F-4DF2-9772-C042C8581081}"
EndProject
Global
	GlobalSection(SolutionConfigurationPlatforms) = preSolution
		Debug|Any CPU = Debug|Any CPU
		Release|Any CPU = Release|Any CPU
	EndGlobalSection
	GlobalSection(ProjectConfigurationPlatforms) = postSolution
		{FC83FA2E-4EFB-4FB2-9EE1-BAEFB1781229}.Debug|Any CPU.ActiveCfg = Debug|Any CPU
		{FC83FA2E-4EFB-4FB2-9EE1-BAEFB1781229}.Debug|Any CPU.Build.0 = Debug|Any CPU
		{FC83FA2E-4EFB-4FB2-9EE1-BAEFB1781229}.Release|Any CPU.ActiveCfg = Release|Any CPU
		{FC83FA2E-4EFB-4FB2-9EE1-BAEFB1781229}.Release|Any CPU.Build.0 = Release|Any CPU
		{DEEF90A1-6714-4FAF-9A05-69516A342C14}.Debug|Any CPU.ActiveCfg = Debug|Any CPU
		{DEEF90A1-6714-4FAF-9A05-69516A342C14}.Debug|Any CPU.Build.0 = Debug|Any CPU
		{DEEF90A1-6714-4FAF-9A05-69516A342C14}.Release|Any CPU.ActiveCfg = Release|Any CPU
		{DEEF90A1-6714-4FAF-9A05-69516A342C14}.Release|Any CPU.Build.0 = Release|Any CPU
		{AEF18AEC-5354-4B39-B77A-C25CA29D4AB6}.Debug|Any CPU.ActiveCfg = Debug|Any CPU
		{AEF18AEC-5354-4B39-B77A-C25CA29D4AB6}.Debug|Any CPU.Build.0 = Debug|Any CPU
		{AEF18AEC-5354-4B39-B77A-C25CA29D4AB6}.Release|Any CPU.ActiveCfg = Release|Any CPU
		{AEF18AEC-5354-4B39-B77A-C25CA29D4AB6}.Release|Any CPU.Build.0 = Release|Any CPU
		{1C7BDF1B-029E-4803-9828-274BE273FE7A}.Debug|Any CPU.ActiveCfg = Debug|Any CPU
		{1C7BDF1B-029E-4803-9828-274BE273FE7A}.Debug|Any CPU.Build.0 = Debug|Any CPU
		{1C7BDF1B-029E-4803-9828-274BE273FE7A}.Release|Any CPU.ActiveCfg = Release|Any CPU
		{1C7BDF1B-029E-4803-9828-274BE273FE7A}.Release|Any CPU.Build.0 = Release|Any CPU
		{15237176-C670-496F-9A33-5A6DA0580970}.Debug|Any CPU.ActiveCfg = Debug|Any CPU
		{15237176-C670-496F-9A33-5A6DA0580970}.Debug|Any CPU.Build.0 = Debug|Any CPU
		{15237176-C670-496F-9A33-5A6DA0580970}.Release|Any CPU.ActiveCfg = Release|Any CPU
		{15237176-C670-496F-9A33-5A6DA0580970}.Release|Any CPU.Build.0 = Release|Any CPU
		{E69EC2C7-CD66-4E7A-AC77-930E2280C1E3}.Debug|Any CPU.ActiveCfg = Debug|Any CPU
		{E69EC2C7-CD66-4E7A-AC77-930E2280C1E3}.Debug|Any CPU.Build.0 = Debug|Any CPU
		{E69EC2C7-CD66-4E7A-AC77-930E2280C1E3}.Release|Any CPU.ActiveCfg = Release|Any CPU
		{E69EC2C7-CD66-4E7A-AC77-930E2280C1E3}.Release|Any CPU.Build.0 = Release|Any CPU
		{0EB0138E-AF07-45C8-819B-4602D88E45FB}.Debug|Any CPU.ActiveCfg = Debug|Any CPU
		{0EB0138E-AF07-45C8-819B-4602D88E45FB}.Debug|Any CPU.Build.0 = Debug|Any CPU
		{0EB0138E-AF07-45C8-819B-4602D88E45FB}.Release|Any CPU.ActiveCfg = Release|Any CPU
		{0EB0138E-AF07-45C8-819B-4602D88E45FB}.Release|Any CPU.Build.0 = Release|Any CPU
		{4F105B51-5065-4220-A60F-7C9335035D8F}.Debug|Any CPU.ActiveCfg = Debug|Any CPU
		{4F105B51-5065-4220-A60F-7C9335035D8F}.Debug|Any CPU.Build.0 = Debug|Any CPU
		{4F105B51-5065-4220-A60F-7C9335035D8F}.Release|Any CPU.ActiveCfg = Release|Any CPU
		{4F105B51-5065-4220-A60F-7C9335035D8F}.Release|Any CPU.Build.0 = Release|Any CPU
		{FCA63960-0344-45C1-99BF-B15493CDB327}.Debug|Any CPU.ActiveCfg = Debug|Any CPU
		{FCA63960-0344-45C1-99BF-B15493CDB327}.Debug|Any CPU.Build.0 = Debug|Any CPU
		{FCA63960-0344-45C1-99BF-B15493CDB327}.Release|Any CPU.ActiveCfg = Release|Any CPU
		{FCA63960-0344-45C1-99BF-B15493CDB327}.Release|Any CPU.Build.0 = Release|Any CPU
		{16DF7675-79CC-4679-89FD-787A1D408230}.Debug|Any CPU.ActiveCfg = Debug|Any CPU
		{16DF7675-79CC-4679-89FD-787A1D408230}.Debug|Any CPU.Build.0 = Debug|Any CPU
		{16DF7675-79CC-4679-89FD-787A1D408230}.Release|Any CPU.ActiveCfg = Release|Any CPU
		{16DF7675-79CC-4679-89FD-787A1D408230}.Release|Any CPU.Build.0 = Release|Any CPU
		{76644E40-35A7-44D0-83B1-8082BA14ED6F}.Debug|Any CPU.ActiveCfg = Debug|Any CPU
		{76644E40-35A7-44D0-83B1-8082BA14ED6F}.Debug|Any CPU.Build.0 = Debug|Any CPU
		{76644E40-35A7-44D0-83B1-8082BA14ED6F}.Release|Any CPU.ActiveCfg = Release|Any CPU
		{76644E40-35A7-44D0-83B1-8082BA14ED6F}.Release|Any CPU.Build.0 = Release|Any CPU
		{0A587974-008F-4DF2-9772-C042C8581081}.Debug|Any CPU.ActiveCfg = Debug|Any CPU
		{0A587974-008F-4DF2-9772-C042C8581081}.Debug|Any CPU.Build.0 = Debug|Any CPU
		{0A587974-008F-4DF2-9772-C042C8581081}.Release|Any CPU.ActiveCfg = Release|Any CPU
		{0A587974-008F-4DF2-9772-C042C8581081}.Release|Any CPU.Build.0 = Release|Any CPU
	EndGlobalSection
	GlobalSection(SolutionProperties) = preSolution
		HideSolutionNode = FALSE
	EndGlobalSection
	GlobalSection(NestedProjects) = preSolution
		{FC83FA2E-4EFB-4FB2-9EE1-BAEFB1781229} = {40E96D2A-D2EC-40B3-8714-DB0C6B9D8918}
		{DEEF90A1-6714-4FAF-9A05-69516A342C14} = {40E96D2A-D2EC-40B3-8714-DB0C6B9D8918}
		{AEF18AEC-5354-4B39-B77A-C25CA29D4AB6} = {40E96D2A-D2EC-40B3-8714-DB0C6B9D8918}
		{1C7BDF1B-029E-4803-9828-274BE273FE7A} = {09475B4D-5B51-4ACB-8540-49B570AA885E}
		{15237176-C670-496F-9A33-5A6DA0580970} = {09475B4D-5B51-4ACB-8540-49B570AA885E}
		{E69EC2C7-CD66-4E7A-AC77-930E2280C1E3} = {09475B4D-5B51-4ACB-8540-49B570AA885E}
		{0EB0138E-AF07-45C8-819B-4602D88E45FB} = {6B0439A2-6BFC-49EE-92CB-06920685BE6E}
		{4F105B51-5065-4220-A60F-7C9335035D8F} = {6B0439A2-6BFC-49EE-92CB-06920685BE6E}
		{FCA63960-0344-45C1-99BF-B15493CDB327} = {6B0439A2-6BFC-49EE-92CB-06920685BE6E}
		{16DF7675-79CC-4679-89FD-787A1D408230} = {AC48B908-3FF8-4685-A2DB-7A8B05DE3F52}
		{76644E40-35A7-44D0-83B1-8082BA14ED6F} = {AC48B908-3FF8-4685-A2DB-7A8B05DE3F52}
		{0A587974-008F-4DF2-9772-C042C8581081} = {AC48B908-3FF8-4685-A2DB-7A8B05DE3F52}
	EndGlobalSection
	GlobalSection(ExtensibilityGlobals) = postSolution
		SolutionGuid = {B8916E4B-38B7-4A0D-B66E-C5D11CBE9BC4}
	EndGlobalSection
EndGlobal
